
Microsoft Visual Studio Solution File, Format Version 12.00
# Visual Studio Version 18
VisualStudioVersion = 18.0.11205.157 d18.0
MinimumVisualStudioVersion = 10.0.40219.1
Project("{FAE04EC0-301F-11D3-BF4B-00C04F79EFBC}") = "BadeePlatform", "BadeePlatform.csproj", "{5196BCB7-78BB-46B7-9F12-081A413F0A9D}"
EndProject
Project("{FAE04EC0-301F-11D3-BF4B-00C04F79EFBC}") = "LamiePlatform.Tests", "..\LamiePlatform.Tests\LamiePlatform.Tests.csproj", "{F1590BCF-2684-4122-ADF8-56F2C67AE536}"
EndProject
Global
	GlobalSection(SolutionConfigurationPlatforms) = preSolution
		Debug|Any CPU = Debug|Any CPU
		Release|Any CPU = Release|Any CPU
	EndGlobalSection
	GlobalSection(ProjectConfigurationPlatforms) = postSolution
		{5196BCB7-78BB-46B7-9F12-081A413F0A9D}.Debug|Any CPU.ActiveCfg = Debug|Any CPU
		{5196BCB7-78BB-46B7-9F12-081A413F0A9D}.Debug|Any CPU.Build.0 = Debug|Any CPU
		{5196BCB7-78BB-46B7-9F12-081A413F0A9D}.Release|Any CPU.ActiveCfg = Release|Any CPU
		{5196BCB7-78BB-46B7-9F12-081A413F0A9D}.Release|Any CPU.Build.0 = Release|Any CPU
		{F1590BCF-2684-4122-ADF8-56F2C67AE536}.Debug|Any CPU.ActiveCfg = Debug|Any CPU
		{F1590BCF-2684-4122-ADF8-56F2C67AE536}.Debug|Any CPU.Build.0 = Debug|Any CPU
		{F1590BCF-2684-4122-ADF8-56F2C67AE536}.Release|Any CPU.ActiveCfg = Release|Any CPU
		{F1590BCF-2684-4122-ADF8-56F2C67AE536}.Release|Any CPU.Build.0 = Release|Any CPU
	EndGlobalSection
	GlobalSection(SolutionProperties) = preSolution
		HideSolutionNode = FALSE
	EndGlobalSection
	GlobalSection(ExtensibilityGlobals) = postSolution
		SolutionGuid = {A8186F70-5CC0-4FC9-9C3C-10D751AC3028}
	EndGlobalSection
EndGlobal
